
Microsoft Visual Studio Solution File, Format Version 12.00
# Visual Studio Version 17
VisualStudioVersion = 17.14.36327.8
MinimumVisualStudioVersion = 10.0.40219.1
Project("{FAE04EC0-301F-11D3-BF4B-00C04F79EFBC}") = "GradeCalculator", "GradeCalculator.csproj", "{BAD02933-78F5-496C-BF85-1E0B288894AF}"
EndProject
Project("{FAE04EC0-301F-11D3-BF4B-00C04F79EFBC}") = "TicketPriceCalculator", "..\TicketPriceCalculator\TicketPriceCalculator.csproj", "{79F2982B-D36F-4218-981F-4F24E2D50F0E}"
EndProject
Project("{FAE04EC0-301F-11D3-BF4B-00C04F79EFBC}") = "TriangleTypeIDentifier", "..\TriangleTypeIDentifier\TriangleTypeIDentifier.csproj", "{4C42683C-2638-4513-A458-D5B5D8E30F49}"
EndProject
Global
	GlobalSection(SolutionConfigurationPlatforms) = preSolution
		Debug|Any CPU = Debug|Any CPU
		Release|Any CPU = Release|Any CPU
	EndGlobalSection
	GlobalSection(ProjectConfigurationPlatforms) = postSolution
		{BAD02933-78F5-496C-BF85-1E0B288894AF}.Debug|Any CPU.ActiveCfg = Debug|Any CPU
		{BAD02933-78F5-496C-BF85-1E0B288894AF}.Debug|Any CPU.Build.0 = Debug|Any CPU
		{BAD02933-78F5-496C-BF85-1E0B288894AF}.Release|Any CPU.ActiveCfg = Release|Any CPU
		{BAD02933-78F5-496C-BF85-1E0B288894AF}.Release|Any CPU.Build.0 = Release|Any CPU
		{79F2982B-D36F-4218-981F-4F24E2D50F0E}.Debug|Any CPU.ActiveCfg = Debug|Any CPU
		{79F2982B-D36F-4218-981F-4F24E2D50F0E}.Debug|Any CPU.Build.0 = Debug|Any CPU
		{79F2982B-D36F-4218-981F-4F24E2D50F0E}.Release|Any CPU.ActiveCfg = Release|Any CPU
		{79F2982B-D36F-4218-981F-4F24E2D50F0E}.Release|Any CPU.Build.0 = Release|Any CPU
		{4C42683C-2638-4513-A458-D5B5D8E30F49}.Debug|Any CPU.ActiveCfg = Debug|Any CPU
		{4C42683C-2638-4513-A458-D5B5D8E30F49}.Debug|Any CPU.Build.0 = Debug|Any CPU
		{4C42683C-2638-4513-A458-D5B5D8E30F49}.Release|Any CPU.ActiveCfg = Release|Any CPU
		{4C42683C-2638-4513-A458-D5B5D8E30F49}.Release|Any CPU.Build.0 = Release|Any CPU
	EndGlobalSection
	GlobalSection(SolutionProperties) = preSolution
		HideSolutionNode = FALSE
	EndGlobalSection
	GlobalSection(ExtensibilityGlobals) = postSolution
		SolutionGuid = {BC0BC4FC-534E-4715-86A9-3694C68D1EC5}
	EndGlobalSection
EndGlobal
